
Microsoft Visual Studio Solution File, Format Version 12.00
# Visual Studio Version 16
VisualStudioVersion = 16.0.30621.155
MinimumVisualStudioVersion = 10.0.40219.1
Project("{FAE04EC0-301F-11D3-BF4B-00C04F79EFBC}") = "es02-", "es02-\es02-.csproj", "{48F0D1BF-C571-46AD-999B-644730277DD4}"
EndProject
Global
	GlobalSection(SolutionConfigurationPlatforms) = preSolution
		Debug|Any CPU = Debug|Any CPU
		Release|Any CPU = Release|Any CPU
	EndGlobalSection
	GlobalSection(ProjectConfigurationPlatforms) = postSolution
		{48F0D1BF-C571-46AD-999B-644730277DD4}.Debug|Any CPU.ActiveCfg = Debug|Any CPU
		{48F0D1BF-C571-46AD-999B-644730277DD4}.Debug|Any CPU.Build.0 = Debug|Any CPU
		{48F0D1BF-C571-46AD-999B-644730277DD4}.Release|Any CPU.ActiveCfg = Release|Any CPU
		{48F0D1BF-C571-46AD-999B-644730277DD4}.Release|Any CPU.Build.0 = Release|Any CPU
	EndGlobalSection
	GlobalSection(SolutionProperties) = preSolution
		HideSolutionNode = FALSE
	EndGlobalSection
	GlobalSection(ExtensibilityGlobals) = postSolution
		SolutionGuid = {309A1B13-D03B-420B-B1DD-D8778426E985}
	EndGlobalSection
EndGlobal
