
Microsoft Visual Studio Solution File, Format Version 12.00
# Visual Studio Version 16
VisualStudioVersion = 16.0.29411.108
MinimumVisualStudioVersion = 10.0.40219.1
Project("{FAE04EC0-301F-11D3-BF4B-00C04F79EFBC}") = "es05-auto", "es05-auto\es05-auto.csproj", "{ECC02F64-FF6E-41C0-99D5-F5D624A06BAA}"
EndProject
Global
	GlobalSection(SolutionConfigurationPlatforms) = preSolution
		Debug|Any CPU = Debug|Any CPU
		Release|Any CPU = Release|Any CPU
	EndGlobalSection
	GlobalSection(ProjectConfigurationPlatforms) = postSolution
		{ECC02F64-FF6E-41C0-99D5-F5D624A06BAA}.Debug|Any CPU.ActiveCfg = Debug|Any CPU
		{ECC02F64-FF6E-41C0-99D5-F5D624A06BAA}.Debug|Any CPU.Build.0 = Debug|Any CPU
		{ECC02F64-FF6E-41C0-99D5-F5D624A06BAA}.Release|Any CPU.ActiveCfg = Release|Any CPU
		{ECC02F64-FF6E-41C0-99D5-F5D624A06BAA}.Release|Any CPU.Build.0 = Release|Any CPU
	EndGlobalSection
	GlobalSection(SolutionProperties) = preSolution
		HideSolutionNode = FALSE
	EndGlobalSection
	GlobalSection(ExtensibilityGlobals) = postSolution
		SolutionGuid = {D13B7B2A-9AD4-43D1-A486-C2048D7ACA4E}
	EndGlobalSection
EndGlobal
