
Microsoft Visual Studio Solution File, Format Version 12.00
# Visual Studio Version 16
VisualStudioVersion = 16.0.30621.155
MinimumVisualStudioVersion = 10.0.40219.1
Project("{FAE04EC0-301F-11D3-BF4B-00C04F79EFBC}") = "es12-compitoStoredProcedure", "es12-compitoStoredProcedure\es12-compitoStoredProcedure.csproj", "{49F2877A-AD6E-4286-8B8C-CABEAD8E3A08}"
EndProject
Global
	GlobalSection(SolutionConfigurationPlatforms) = preSolution
		Debug|Any CPU = Debug|Any CPU
		Release|Any CPU = Release|Any CPU
	EndGlobalSection
	GlobalSection(ProjectConfigurationPlatforms) = postSolution
		{49F2877A-AD6E-4286-8B8C-CABEAD8E3A08}.Debug|Any CPU.ActiveCfg = Debug|Any CPU
		{49F2877A-AD6E-4286-8B8C-CABEAD8E3A08}.Debug|Any CPU.Build.0 = Debug|Any CPU
		{49F2877A-AD6E-4286-8B8C-CABEAD8E3A08}.Release|Any CPU.ActiveCfg = Release|Any CPU
		{49F2877A-AD6E-4286-8B8C-CABEAD8E3A08}.Release|Any CPU.Build.0 = Release|Any CPU
	EndGlobalSection
	GlobalSection(SolutionProperties) = preSolution
		HideSolutionNode = FALSE
	EndGlobalSection
	GlobalSection(ExtensibilityGlobals) = postSolution
		SolutionGuid = {4481C9FA-6181-474B-A73D-01037667DEA1}
	EndGlobalSection
EndGlobal
